// !$*UTF8*$!
{
	archiveVersion = 1;
	classes = {
	};
	objectVersion = 46;
	objects = {

/* Begin PBXBuildFile section */
		820657D414D7B2190003B270 /* UIKit.framework in Frameworks */ = {isa = PBXBuildFile; fileRef = 820657D314D7B2190003B270 /* UIKit.framework */; };
		820657D614D7B2190003B270 /* Foundation.framework in Frameworks */ = {isa = PBXBuildFile; fileRef = 820657D514D7B2190003B270 /* Foundation.framework */; };
		820657D814D7B2190003B270 /* CoreGraphics.framework in Frameworks */ = {isa = PBXBuildFile; fileRef = 820657D714D7B2190003B270 /* CoreGraphics.framework */; };
		820657DE14D7B2190003B270 /* InfoPlist.strings in Resources */ = {isa = PBXBuildFile; fileRef = 820657DC14D7B2190003B270 /* InfoPlist.strings */; };
		820657E014D7B2190003B270 /* main.m in Sources */ = {isa = PBXBuildFile; fileRef = 820657DF14D7B2190003B270 /* main.m */; };
		820657E414D7B2190003B270 /* FRTAppDelegate.m in Sources */ = {isa = PBXBuildFile; fileRef = 820657E314D7B2190003B270 /* FRTAppDelegate.m */; };
		820657E714D7B2190003B270 /* FRTViewController.m in Sources */ = {isa = PBXBuildFile; fileRef = 820657E614D7B2190003B270 /* FRTViewController.m */; };
		820657EA14D7B2190003B270 /* FRTViewController.xib in Resources */ = {isa = PBXBuildFile; fileRef = 820657E814D7B2190003B270 /* FRTViewController.xib */; };
/* End PBXBuildFile section */

/* Begin PBXFileReference section */
		820657CF14D7B2190003B270 /* FirstResponderTest.app */ = {isa = PBXFileReference; explicitFileType = wrapper.application; includeInIndex = 0; path = FirstResponderTest.app; sourceTree = BUILT_PRODUCTS_DIR; };
		820657D314D7B2190003B270 /* UIKit.framework */ = {isa = PBXFileReference; lastKnownFileType = wrapper.framework; name = UIKit.framework; path = System/Library/Frameworks/UIKit.framework; sourceTree = SDKROOT; };
		820657D514D7B2190003B270 /* Foundation.framework */ = {isa = PBXFileReference; lastKnownFileType = wrapper.framework; name = Foundation.framework; path = System/Library/Frameworks/Foundation.framework; sourceTree = SDKROOT; };
		820657D714D7B2190003B270 /* CoreGraphics.framework */ = {isa = PBXFileReference; lastKnownFileType = wrapper.framework; name = CoreGraphics.framework; path = System/Library/Frameworks/CoreGraphics.framework; sourceTree = SDKROOT; };
		820657DB14D7B2190003B270 /* FirstResponderTest-Info.plist */ = {isa = PBXFileReference; path = "FirstResponderTest-Info.plist"; sourceTree = "<group>"; };
		820657DD14D7B2190003B270 /* en */ = {isa = PBXFileReference; lastKnownFileType = text.plist.strings; name = en; path = en.lproj/InfoPlist.strings; sourceTree = "<group>"; };
		820657DF14D7B2190003B270 /* main.m */ = {isa = PBXFileReference; lastKnownFileType = sourcecode.c.objc; path = main.m; sourceTree = "<group>"; };
		820657E114D7B2190003B270 /* FirstResponderTest-Prefix.pch */ = {isa = PBXFileReference; path = "FirstResponderTest-Prefix.pch"; sourceTree = "<group>"; };
		820657E214D7B2190003B270 /* FRTAppDelegate.h */ = {isa = PBXFileReference; path = FRTAppDelegate.h; sourceTree = "<group>"; };
		820657E314D7B2190003B270 /* FRTAppDelegate.m */ = {isa = PBXFileReference; lastKnownFileType = sourcecode.c.objc; path = FRTAppDelegate.m; sourceTree = "<group>"; };
		820657E514D7B2190003B270 /* FRTViewController.h */ = {isa = PBXFileReference; path = FRTViewController.h; sourceTree = "<group>"; };
		820657E614D7B2190003B270 /* FRTViewController.m */ = {isa = PBXFileReference; lastKnownFileType = sourcecode.c.objc; path = FRTViewController.m; sourceTree = "<group>"; };
		820657E914D7B2190003B270 /* en */ = {isa = PBXFileReference; lastKnownFileType = file.xib; name = en; path = en.lproj/FRTViewController.xib; sourceTree = "<group>"; };
/* End PBXFileReference section */

/* Begin PBXFrameworksBuildPhase section */
		820657CC14D7B2190003B270 /* Frameworks */ = {
			isa = PBXFrameworksBuildPhase;
			buildActionMask = 2147483647;
			files = (
				820657D414D7B2190003B270 /* UIKit.framework in Frameworks */,
				820657D614D7B2190003B270 /* Foundation.framework in Frameworks */,
				820657D814D7B2190003B270 /* CoreGraphics.framework in Frameworks */,
			);
			runOnlyForDeploymentPostprocessing = 0;
		};
/* End PBXFrameworksBuildPhase section */

/* Begin PBXGroup section */
		820657C414D7B2190003B270 = {
			isa = PBXGroup;
			children = (
				820657D914D7B2190003B270 /* FirstResponderTest */,
				820657D214D7B2190003B270 /* Frameworks */,
				820657D014D7B2190003B270 /* Products */,
			);
			sourceTree = "<group>";
		};
		820657D014D7B2190003B270 /* Products */ = {
			isa = PBXGroup;
			children = (
				820657CF14D7B2190003B270 /* FirstResponderTest.app */,
			);
			name = Products;
			sourceTree = "<group>";
		};
		820657D214D7B2190003B270 /* Frameworks */ = {
			isa = PBXGroup;
			children = (
				820657D314D7B2190003B270 /* UIKit.framework */,
				820657D514D7B2190003B270 /* Foundation.framework */,
				820657D714D7B2190003B270 /* CoreGraphics.framework */,
			);
			name = Frameworks;
			sourceTree = "<group>";
		};
		820657D914D7B2190003B270 /* FirstResponderTest */ = {
			isa = PBXGroup;
			children = (
				820657E214D7B2190003B270 /* FRTAppDelegate.h */,
				820657E314D7B2190003B270 /* FRTAppDelegate.m */,
				820657E514D7B2190003B270 /* FRTViewController.h */,
				820657E614D7B2190003B270 /* FRTViewController.m */,
				820657E814D7B2190003B270 /* FRTViewController.xib */,
				820657DA14D7B2190003B270 /* Supporting Files */,
			);
			path = FirstResponderTest;
			sourceTree = "<group>";
		};
		820657DA14D7B2190003B270 /* Supporting Files */ = {
			isa = PBXGroup;
			children = (
				820657DB14D7B2190003B270 /* FirstResponderTest-Info.plist */,
				820657DC14D7B2190003B270 /* InfoPlist.strings */,
				820657DF14D7B2190003B270 /* main.m */,
				820657E114D7B2190003B270 /* FirstResponderTest-Prefix.pch */,
			);
			name = "Supporting Files";
			sourceTree = "<group>";
		};
/* End PBXGroup section */

/* Begin PBXNativeTarget section */
		820657CE14D7B2190003B270 /* FirstResponderTest */ = {
			isa = PBXNativeTarget;
			buildConfigurationList = 820657ED14D7B2190003B270 /* Build configuration list for PBXNativeTarget "FirstResponderTest" */;
			buildPhases = (
				820657CB14D7B2190003B270 /* Sources */,
				820657CC14D7B2190003B270 /* Frameworks */,
				820657CD14D7B2190003B270 /* Resources */,
			);
			buildRules = (
			);
			dependencies = (
			);
			name = FirstResponderTest;
			productName = FirstResponderTest;
			productReference = 820657CF14D7B2190003B270 /* FirstResponderTest.app */;
			productType = "com.apple.product-type.application";
		};
/* End PBXNativeTarget section */

/* Begin PBXProject section */
		820657C614D7B2190003B270 /* Project object */ = {
			isa = PBXProject;
			attributes = {
				LastUpgradeCheck = 0420;
			};
			buildConfigurationList = 820657C914D7B2190003B270 /* Build configuration list for PBXProject "FirstResponderTest" */;
			compatibilityVersion = "Xcode 3.2";
			developmentRegion = English;
			hasScannedForEncodings = 0;
			knownRegions = (
				en,
			);
			mainGroup = 820657C414D7B2190003B270;
			productRefGroup = 820657D014D7B2190003B270 /* Products */;
			projectDirPath = "";
			projectRoot = "";
			targets = (
				820657CE14D7B2190003B270 /* FirstResponderTest */,
			);
		};
/* End PBXProject section */

/* Begin PBXResourcesBuildPhase section */
		820657CD14D7B2190003B270 /* Resources */ = {
			isa = PBXResourcesBuildPhase;
			buildActionMask = 2147483647;
			files = (
				820657DE14D7B2190003B270 /* InfoPlist.strings in Resources */,
				820657EA14D7B2190003B270 /* FRTViewController.xib in Resources */,
			);
			runOnlyForDeploymentPostprocessing = 0;
		};
/* End PBXResourcesBuildPhase section */

/* Begin PBXSourcesBuildPhase section */
		820657CB14D7B2190003B270 /* Sources */ = {
			isa = PBXSourcesBuildPhase;
			buildActionMask = 2147483647;
			files = (
				820657E014D7B2190003B270 /* main.m in Sources */,
				820657E414D7B2190003B270 /* FRTAppDelegate.m in Sources */,
				820657E714D7B2190003B270 /* FRTViewController.m in Sources */,
			);
			runOnlyForDeploymentPostprocessing = 0;
		};
/* End PBXSourcesBuildPhase section */

/* Begin PBXVariantGroup section */
		820657DC14D7B2190003B270 /* InfoPlist.strings */ = {
			isa = PBXVariantGroup;
			children = (
				820657DD14D7B2190003B270 /* en */,
			);
			name = InfoPlist.strings;
			sourceTree = "<group>";
		};
		820657E814D7B2190003B270 /* FRTViewController.xib */ = {
			isa = PBXVariantGroup;
			children = (
				820657E914D7B2190003B270 /* en */,
			);
			name = FRTViewController.xib;
			sourceTree = "<group>";
		};
/* End PBXVariantGroup section */

/* Begin XCBuildConfiguration section */
		820657EB14D7B2190003B270 /* Debug */ = {
			isa = XCBuildConfiguration;
			buildSettings = {
				ALWAYS_SEARCH_USER_PATHS = NO;
				ARCHS = "$(ARCHS_STANDARD_32_BIT)";
				CLANG_ENABLE_OBJC_ARC = YES;
				"CODE_SIGN_IDENTITY[sdk=iphoneos*]" = "iPhone Developer";
				COPY_PHASE_STRIP = NO;
				GCC_C_LANGUAGE_STANDARD = gnu99;
				GCC_DYNAMIC_NO_PIC = NO;
				GCC_OPTIMIZATION_LEVEL = 0;
				GCC_PREPROCESSOR_DEFINITIONS = (
					"DEBUG=1",
					"$(inherited)",
				);
				GCC_SYMBOLS_PRIVATE_EXTERN = NO;
				GCC_VERSION = com.apple.compilers.llvm.clang.1_0;
				GCC_WARN_ABOUT_MISSING_PROTOTYPES = YES;
				GCC_WARN_ABOUT_RETURN_TYPE = YES;
				GCC_WARN_UNUSED_VARIABLE = YES;
				IPHONEOS_DEPLOYMENT_TARGET = 5.0;
				SDKROOT = iphoneos;
			};
			name = Debug;
		};
		820657EC14D7B2190003B270 /* Release */ = {
			isa = XCBuildConfiguration;
			buildSettings = {
				ALWAYS_SEARCH_USER_PATHS = NO;
				ARCHS = "$(ARCHS_STANDARD_32_BIT)";
				CLANG_ENABLE_OBJC_ARC = YES;
				"CODE_SIGN_IDENTITY[sdk=iphoneos*]" = "iPhone Developer";
				COPY_PHASE_STRIP = YES;
				GCC_C_LANGUAGE_STANDARD = gnu99;
				GCC_VERSION = com.apple.compilers.llvm.clang.1_0;
				GCC_WARN_ABOUT_MISSING_PROTOTYPES = YES;
				GCC_WARN_ABOUT_RETURN_TYPE = YES;
				GCC_WARN_UNUSED_VARIABLE = YES;
				IPHONEOS_DEPLOYMENT_TARGET = 5.0;
				OTHER_CFLAGS = "-DNS_BLOCK_ASSERTIONS=1";
				SDKROOT = iphoneos;
				VALIDATE_PRODUCT = YES;
			};
			name = Release;
		};
		820657EE14D7B2190003B270 /* Debug */ = {
			isa = XCBuildConfiguration;
			buildSettings = {
				GCC_PRECOMPILE_PREFIX_HEADER = YES;
				GCC_PREFIX_HEADER = "FirstResponderTest/FirstResponderTest-Prefix.pch";
				INFOPLIST_FILE = "FirstResponderTest/FirstResponderTest-Info.plist";
				PRODUCT_NAME = "$(TARGET_NAME)";
				WRAPPER_EXTENSION = app;
			};
			name = Debug;
		};
		820657EF14D7B2190003B270 /* Release */ = {
			isa = XCBuildConfiguration;
			buildSettings = {
				GCC_PRECOMPILE_PREFIX_HEADER = YES;
				GCC_PREFIX_HEADER = "FirstResponderTest/FirstResponderTest-Prefix.pch";
				INFOPLIST_FILE = "FirstResponderTest/FirstResponderTest-Info.plist";
				PRODUCT_NAME = "$(TARGET_NAME)";
				WRAPPER_EXTENSION = app;
			};
			name = Release;
		};
/* End XCBuildConfiguration section */

/* Begin XCConfigurationList section */
		820657C914D7B2190003B270 /* Build configuration list for PBXProject "FirstResponderTest" */ = {
			isa = XCConfigurationList;
			buildConfigurations = (
				820657EB14D7B2190003B270 /* Debug */,
				820657EC14D7B2190003B270 /* Release */,
			);
			defaultConfigurationIsVisible = 0;
			defaultConfigurationName = Release;
		};
		820657ED14D7B2190003B270 /* Build configuration list for PBXNativeTarget "FirstResponderTest" */ = {
			isa = XCConfigurationList;
			buildConfigurations = (
				820657EE14D7B2190003B270 /* Debug */,
				820657EF14D7B2190003B270 /* Release */,
			);
			defaultConfigurationIsVisible = 0;
		};
/* End XCConfigurationList section */
	};
	rootObject = 820657C614D7B2190003B270 /* Project object */;
}
